
Microsoft Visual Studio Solution File, Format Version 12.00
# Visual Studio Version 16
VisualStudioVersion = 16.0.29009.5
MinimumVisualStudioVersion = 10.0.40219.1
Project("{FAE04EC0-301F-11D3-BF4B-00C04F79EFBC}") = "RestSharp API Testing Tutorial", "RestSharp API Testing Tutorial\RestSharp API Testing Tutorial.csproj", "{D91306A7-7B43-484D-A290-F7E68ED0BF36}"
EndProject
Global
	GlobalSection(SolutionConfigurationPlatforms) = preSolution
		Debug|Any CPU = Debug|Any CPU
		Release|Any CPU = Release|Any CPU
	EndGlobalSection
	GlobalSection(ProjectConfigurationPlatforms) = postSolution
		{D91306A7-7B43-484D-A290-F7E68ED0BF36}.Debug|Any CPU.ActiveCfg = Debug|Any CPU
		{D91306A7-7B43-484D-A290-F7E68ED0BF36}.Debug|Any CPU.Build.0 = Debug|Any CPU
		{D91306A7-7B43-484D-A290-F7E68ED0BF36}.Release|Any CPU.ActiveCfg = Release|Any CPU
		{D91306A7-7B43-484D-A290-F7E68ED0BF36}.Release|Any CPU.Build.0 = Release|Any CPU
	EndGlobalSection
	GlobalSection(SolutionProperties) = preSolution
		HideSolutionNode = FALSE
	EndGlobalSection
	GlobalSection(ExtensibilityGlobals) = postSolution
		SolutionGuid = {2DF97D36-8629-482F-B341-0BA87DA7B42A}
	EndGlobalSection
EndGlobal
